Microsoft Visual Studio Solution File, Format Version 12.00
# Visual Studio Version 18
VisualStudioVersion = 18.2.11408.102 d18.0
MinimumVisualStudioVersion = 10.0.40219.1
Project("{FAE04EC0-301F-11D3-BF4B-00C04F79EFBC}") = "CPP.Framework.Core", "CPP.Framework.Core\CPP.Framework.Core.csproj", "{C904DD3D-3C24-4162-8ADD-99C73584C63E}"
EndProject
Project("{2150E333-8FDC-42A3-9474-1A3956D46DE8}") = "Tests", "Tests", "{4A12280A-8CA6-4406-92E3-E2A3FBBEC2EC}"
EndProject
Project("{FAE04EC0-301F-11D3-BF4B-00C04F79EFBC}") = "CPP.Framework.UnitTests", "CPP.Framework.UnitTests\CPP.Framework.UnitTests.csproj", "{C4996E22-6B15-477F-B7B2-A693142C3750}"
EndProject
Project("{FAE04EC0-301F-11D3-BF4B-00C04F79EFBC}") = "CPP.Framework.Testing", "CPP.Framework.Testing\CPP.Framework.Testing.csproj", "{ACE6BA4A-5CE9-4650-96CD-0269943A828D}"
EndProject
Project("{2150E333-8FDC-42A3-9474-1A3956D46DE8}") = ".nuget", ".nuget", "{C95441E2-A700-4E3A-9EC6-1A9E25939E8A}"
	ProjectSection(SolutionItems) = preProject
		.nuget\NuGet.Config = .nuget\NuGet.Config
		.nuget\NuGet.exe = .nuget\NuGet.exe
	EndProjectSection
EndProject
Project("{FAE04EC0-301F-11D3-BF4B-00C04F79EFBC}") = "CPP.Framework.EntityData", "CPP.Framework.EntityData\CPP.Framework.EntityData.csproj", "{4028DC9C-CC54-4CD3-8FAA-EE6596EF9082}"
EndProject
Project("{FAE04EC0-301F-11D3-BF4B-00C04F79EFBC}") = "CPP.Framework.Serialization", "CPP.Framework.Serialization\CPP.Framework.Serialization.csproj", "{B47E60C1-BA97-4590-B140-491FC12DFE80}"
EndProject
Project("{FAE04EC0-301F-11D3-BF4B-00C04F79EFBC}") = "CPP.Framework.WindowsAzure", "CPP.Framework.WindowsAzure\CPP.Framework.WindowsAzure.csproj", "{D5976497-AA2E-4341-9C13-0353208661AB}"
EndProject
Project("{FAE04EC0-301F-11D3-BF4B-00C04F79EFBC}") = "CPP.Framework.Messaging", "CPP.Framework.Messaging\CPP.Framework.Messaging.csproj", "{EDB7839E-5167-49F5-8278-7A262FFB4043}"
EndProject
Project("{FAE04EC0-301F-11D3-BF4B-00C04F79EFBC}") = "CPP.Framework.Web", "CPP.Framework.Web\CPP.Framework.Web.csproj", "{3EEC7884-DAA4-4984-B774-868DBCDA1471}"
EndProject
Project("{2150E333-8FDC-42A3-9474-1A3956D46DE8}") = "StyleCop", "StyleCop", "{205260D5-9282-4AB3-9231-5BD5789DF9D8}"
	ProjectSection(SolutionItems) = preProject
		Settings.StyleCop = Settings.StyleCop
	EndProjectSection
EndProject
Project("{FAE04EC0-301F-11D3-BF4B-00C04F79EFBC}") = "CPP.Framework.WindowsAzure.ApplicationInsights", "CPP.Framework.WindowsAzure.ApplicationInsights\CPP.Framework.WindowsAzure.ApplicationInsights.csproj", "{E266114C-8CAA-468D-92D0-4C00BCFF75B0}"
EndProject
Project("{2150E333-8FDC-42A3-9474-1A3956D46DE8}") = "Solution Items", "Solution Items", "{90B8BC1E-D359-4B78-88AD-0AC282863CE9}"
	ProjectSection(SolutionItems) = preProject
		prereleasebuild.ps1 = prereleasebuild.ps1
		SDKProjectUpgrade.md = SDKProjectUpgrade.md
	EndProjectSection
EndProject
Global
	GlobalSection(SolutionConfigurationPlatforms) = preSolution
		Debug|Any CPU = Debug|Any CPU
		PDP Demo|Any CPU = PDP Demo|Any CPU
		PDP Dev|Any CPU = PDP Dev|Any CPU
		PDP Prod|Any CPU = PDP Prod|Any CPU
		PDP QA|Any CPU = PDP QA|Any CPU
		Release|Any CPU = Release|Any CPU
	EndGlobalSection
	GlobalSection(ProjectConfigurationPlatforms) = postSolution
		{C904DD3D-3C24-4162-8ADD-99C73584C63E}.Debug|Any CPU.ActiveCfg = Debug|Any CPU
		{C904DD3D-3C24-4162-8ADD-99C73584C63E}.Debug|Any CPU.Build.0 = Debug|Any CPU
		{C904DD3D-3C24-4162-8ADD-99C73584C63E}.PDP Demo|Any CPU.ActiveCfg = PDP Demo|Any CPU
		{C904DD3D-3C24-4162-8ADD-99C73584C63E}.PDP Demo|Any CPU.Build.0 = PDP Demo|Any CPU
		{C904DD3D-3C24-4162-8ADD-99C73584C63E}.PDP Dev|Any CPU.ActiveCfg = PDP Dev|Any CPU
		{C904DD3D-3C24-4162-8ADD-99C73584C63E}.PDP Dev|Any CPU.Build.0 = PDP Dev|Any CPU
		{C904DD3D-3C24-4162-8ADD-99C73584C63E}.PDP Prod|Any CPU.ActiveCfg = PDP Prod|Any CPU
		{C904DD3D-3C24-4162-8ADD-99C73584C63E}.PDP Prod|Any CPU.Build.0 = PDP Prod|Any CPU
		{C904DD3D-3C24-4162-8ADD-99C73584C63E}.PDP QA|Any CPU.ActiveCfg = PDP QA|Any CPU
		{C904DD3D-3C24-4162-8ADD-99C73584C63E}.PDP QA|Any CPU.Build.0 = PDP QA|Any CPU
		{C904DD3D-3C24-4162-8ADD-99C73584C63E}.Release|Any CPU.ActiveCfg = Release|Any CPU
		{C904DD3D-3C24-4162-8ADD-99C73584C63E}.Release|Any CPU.Build.0 = Release|Any CPU
		{C4996E22-6B15-477F-B7B2-A693142C3750}.Debug|Any CPU.ActiveCfg = Debug|Any CPU
		{C4996E22-6B15-477F-B7B2-A693142C3750}.Debug|Any CPU.Build.0 = Debug|Any CPU
		{C4996E22-6B15-477F-B7B2-A693142C3750}.PDP Demo|Any CPU.ActiveCfg = Release|Any CPU
		{C4996E22-6B15-477F-B7B2-A693142C3750}.PDP Demo|Any CPU.Build.0 = Release|Any CPU
		{C4996E22-6B15-477F-B7B2-A693142C3750}.PDP Dev|Any CPU.ActiveCfg = Release|Any CPU
		{C4996E22-6B15-477F-B7B2-A693142C3750}.PDP Dev|Any CPU.Build.0 = Release|Any CPU
		{C4996E22-6B15-477F-B7B2-A693142C3750}.PDP Prod|Any CPU.ActiveCfg = Release|Any CPU
		{C4996E22-6B15-477F-B7B2-A693142C3750}.PDP Prod|Any CPU.Build.0 = Release|Any CPU
		{C4996E22-6B15-477F-B7B2-A693142C3750}.PDP QA|Any CPU.ActiveCfg = Release|Any CPU
		{C4996E22-6B15-477F-B7B2-A693142C3750}.PDP QA|Any CPU.Build.0 = Release|Any CPU
		{C4996E22-6B15-477F-B7B2-A693142C3750}.Release|Any CPU.ActiveCfg = Release|Any CPU
		{C4996E22-6B15-477F-B7B2-A693142C3750}.Release|Any CPU.Build.0 = Release|Any CPU
		{ACE6BA4A-5CE9-4650-96CD-0269943A828D}.Debug|Any CPU.ActiveCfg = Debug|Any CPU
		{ACE6BA4A-5CE9-4650-96CD-0269943A828D}.Debug|Any CPU.Build.0 = Debug|Any CPU
		{ACE6BA4A-5CE9-4650-96CD-0269943A828D}.PDP Demo|Any CPU.ActiveCfg = PDP Demo|Any CPU
		{ACE6BA4A-5CE9-4650-96CD-0269943A828D}.PDP Demo|Any CPU.Build.0 = PDP Demo|Any CPU
		{ACE6BA4A-5CE9-4650-96CD-0269943A828D}.PDP Dev|Any CPU.ActiveCfg = PDP Dev|Any CPU
		{ACE6BA4A-5CE9-4650-96CD-0269943A828D}.PDP Dev|Any CPU.Build.0 = PDP Dev|Any CPU
		{ACE6BA4A-5CE9-4650-96CD-0269943A828D}.PDP Prod|Any CPU.ActiveCfg = PDP Prod|Any CPU
		{ACE6BA4A-5CE9-4650-96CD-0269943A828D}.PDP Prod|Any CPU.Build.0 = PDP Prod|Any CPU
		{ACE6BA4A-5CE9-4650-96CD-0269943A828D}.PDP QA|Any CPU.ActiveCfg = PDP QA|Any CPU
		{ACE6BA4A-5CE9-4650-96CD-0269943A828D}.PDP QA|Any CPU.Build.0 = PDP QA|Any CPU
		{ACE6BA4A-5CE9-4650-96CD-0269943A828D}.Release|Any CPU.ActiveCfg = Release|Any CPU
		{ACE6BA4A-5CE9-4650-96CD-0269943A828D}.Release|Any CPU.Build.0 = Release|Any CPU
		{4028DC9C-CC54-4CD3-8FAA-EE6596EF9082}.Debug|Any CPU.ActiveCfg = Debug|Any CPU
		{4028DC9C-CC54-4CD3-8FAA-EE6596EF9082}.Debug|Any CPU.Build.0 = Debug|Any CPU
		{4028DC9C-CC54-4CD3-8FAA-EE6596EF9082}.PDP Demo|Any CPU.ActiveCfg = PDP Demo|Any CPU
		{4028DC9C-CC54-4CD3-8FAA-EE6596EF9082}.PDP Demo|Any CPU.Build.0 = PDP Demo|Any CPU
		{4028DC9C-CC54-4CD3-8FAA-EE6596EF9082}.PDP Dev|Any CPU.ActiveCfg = PDP Dev|Any CPU
		{4028DC9C-CC54-4CD3-8FAA-EE6596EF9082}.PDP Dev|Any CPU.Build.0 = PDP Dev|Any CPU
		{4028DC9C-CC54-4CD3-8FAA-EE6596EF9082}.PDP Prod|Any CPU.ActiveCfg = PDP Prod|Any CPU
		{4028DC9C-CC54-4CD3-8FAA-EE6596EF9082}.PDP Prod|Any CPU.Build.0 = PDP Prod|Any CPU
		{4028DC9C-CC54-4CD3-8FAA-EE6596EF9082}.PDP QA|Any CPU.ActiveCfg = PDP QA|Any CPU
		{4028DC9C-CC54-4CD3-8FAA-EE6596EF9082}.PDP QA|Any CPU.Build.0 = PDP QA|Any CPU
		{4028DC9C-CC54-4CD3-8FAA-EE6596EF9082}.Release|Any CPU.ActiveCfg = Release|Any CPU
		{4028DC9C-CC54-4CD3-8FAA-EE6596EF9082}.Release|Any CPU.Build.0 = Release|Any CPU
		{B47E60C1-BA97-4590-B140-491FC12DFE80}.Debug|Any CPU.ActiveCfg = Debug|Any CPU
		{B47E60C1-BA97-4590-B140-491FC12DFE80}.Debug|Any CPU.Build.0 = Debug|Any CPU
		{B47E60C1-BA97-4590-B140-491FC12DFE80}.PDP Demo|Any CPU.ActiveCfg = PDP Demo|Any CPU
		{B47E60C1-BA97-4590-B140-491FC12DFE80}.PDP Demo|Any CPU.Build.0 = PDP Demo|Any CPU
		{B47E60C1-BA97-4590-B140-491FC12DFE80}.PDP Dev|Any CPU.ActiveCfg = PDP Dev|Any CPU
		{B47E60C1-BA97-4590-B140-491FC12DFE80}.PDP Dev|Any CPU.Build.0 = PDP Dev|Any CPU
		{B47E60C1-BA97-4590-B140-491FC12DFE80}.PDP Prod|Any CPU.ActiveCfg = PDP Prod|Any CPU
		{B47E60C1-BA97-4590-B140-491FC12DFE80}.PDP Prod|Any CPU.Build.0 = PDP Prod|Any CPU
		{B47E60C1-BA97-4590-B140-491FC12DFE80}.PDP QA|Any CPU.ActiveCfg = PDP QA|Any CPU
		{B47E60C1-BA97-4590-B140-491FC12DFE80}.PDP QA|Any CPU.Build.0 = PDP QA|Any CPU
		{B47E60C1-BA97-4590-B140-491FC12DFE80}.Release|Any CPU.ActiveCfg = Release|Any CPU
		{B47E60C1-BA97-4590-B140-491FC12DFE80}.Release|Any CPU.Build.0 = Release|Any CPU
		{D5976497-AA2E-4341-9C13-0353208661AB}.Debug|Any CPU.ActiveCfg = Debug|Any CPU
		{D5976497-AA2E-4341-9C13-0353208661AB}.Debug|Any CPU.Build.0 = Debug|Any CPU
		{D5976497-AA2E-4341-9C13-0353208661AB}.PDP Demo|Any CPU.ActiveCfg = PDP Demo|Any CPU
		{D5976497-AA2E-4341-9C13-0353208661AB}.PDP Demo|Any CPU.Build.0 = PDP Demo|Any CPU
		{D5976497-AA2E-4341-9C13-0353208661AB}.PDP Dev|Any CPU.ActiveCfg = PDP Dev|Any CPU
		{D5976497-AA2E-4341-9C13-0353208661AB}.PDP Dev|Any CPU.Build.0 = PDP Dev|Any CPU
		{D5976497-AA2E-4341-9C13-0353208661AB}.PDP Prod|Any CPU.ActiveCfg = PDP Prod|Any CPU
		{D5976497-AA2E-4341-9C13-0353208661AB}.PDP Prod|Any CPU.Build.0 = PDP Prod|Any CPU
		{D5976497-AA2E-4341-9C13-0353208661AB}.PDP QA|Any CPU.ActiveCfg = PDP QA|Any CPU
		{D5976497-AA2E-4341-9C13-0353208661AB}.PDP QA|Any CPU.Build.0 = PDP QA|Any CPU
		{D5976497-AA2E-4341-9C13-0353208661AB}.Release|Any CPU.ActiveCfg = Release|Any CPU
		{D5976497-AA2E-4341-9C13-0353208661AB}.Release|Any CPU.Build.0 = Release|Any CPU
		{EDB7839E-5167-49F5-8278-7A262FFB4043}.Debug|Any CPU.ActiveCfg = Debug|Any CPU
		{EDB7839E-5167-49F5-8278-7A262FFB4043}.Debug|Any CPU.Build.0 = Debug|Any CPU
		{EDB7839E-5167-49F5-8278-7A262FFB4043}.PDP Demo|Any CPU.ActiveCfg = Release|Any CPU
		{EDB7839E-5167-49F5-8278-7A262FFB4043}.PDP Demo|Any CPU.Build.0 = Release|Any CPU
		{EDB7839E-5167-49F5-8278-7A262FFB4043}.PDP Dev|Any CPU.ActiveCfg = Release|Any CPU
		{EDB7839E-5167-49F5-8278-7A262FFB4043}.PDP Dev|Any CPU.Build.0 = Release|Any CPU
		{EDB7839E-5167-49F5-8278-7A262FFB4043}.PDP Prod|Any CPU.ActiveCfg = Release|Any CPU
		{EDB7839E-5167-49F5-8278-7A262FFB4043}.PDP Prod|Any CPU.Build.0 = Release|Any CPU
		{EDB7839E-5167-49F5-8278-7A262FFB4043}.PDP QA|Any CPU.ActiveCfg = Release|Any CPU
		{EDB7839E-5167-49F5-8278-7A262FFB4043}.PDP QA|Any CPU.Build.0 = Release|Any CPU
		{EDB7839E-5167-49F5-8278-7A262FFB4043}.Release|Any CPU.ActiveCfg = Release|Any CPU
		{EDB7839E-5167-49F5-8278-7A262FFB4043}.Release|Any CPU.Build.0 = Release|Any CPU
		{3EEC7884-DAA4-4984-B774-868DBCDA1471}.Debug|Any CPU.ActiveCfg = Debug|Any CPU
		{3EEC7884-DAA4-4984-B774-868DBCDA1471}.Debug|Any CPU.Build.0 = Debug|Any CPU
		{3EEC7884-DAA4-4984-B774-868DBCDA1471}.PDP Demo|Any CPU.ActiveCfg = Release|Any CPU
		{3EEC7884-DAA4-4984-B774-868DBCDA1471}.PDP Demo|Any CPU.Build.0 = Release|Any CPU
		{3EEC7884-DAA4-4984-B774-868DBCDA1471}.PDP Dev|Any CPU.ActiveCfg = Release|Any CPU
		{3EEC7884-DAA4-4984-B774-868DBCDA1471}.PDP Dev|Any CPU.Build.0 = Release|Any CPU
		{3EEC7884-DAA4-4984-B774-868DBCDA1471}.PDP Prod|Any CPU.ActiveCfg = Release|Any CPU
		{3EEC7884-DAA4-4984-B774-868DBCDA1471}.PDP Prod|Any CPU.Build.0 = Release|Any CPU
		{3EEC7884-DAA4-4984-B774-868DBCDA1471}.PDP QA|Any CPU.ActiveCfg = Release|Any CPU
		{3EEC7884-DAA4-4984-B774-868DBCDA1471}.PDP QA|Any CPU.Build.0 = Release|Any CPU
		{3EEC7884-DAA4-4984-B774-868DBCDA1471}.Release|Any CPU.ActiveCfg = Release|Any CPU
		{3EEC7884-DAA4-4984-B774-868DBCDA1471}.Release|Any CPU.Build.0 = Release|Any CPU
		{E266114C-8CAA-468D-92D0-4C00BCFF75B0}.Debug|Any CPU.ActiveCfg = Debug|Any CPU
		{E266114C-8CAA-468D-92D0-4C00BCFF75B0}.Debug|Any CPU.Build.0 = Debug|Any CPU
		{E266114C-8CAA-468D-92D0-4C00BCFF75B0}.PDP Demo|Any CPU.ActiveCfg = Release|Any CPU
		{E266114C-8CAA-468D-92D0-4C00BCFF75B0}.PDP Demo|Any CPU.Build.0 = Release|Any CPU
		{E266114C-8CAA-468D-92D0-4C00BCFF75B0}.PDP Dev|Any CPU.ActiveCfg = Release|Any CPU
		{E266114C-8CAA-468D-92D0-4C00BCFF75B0}.PDP Dev|Any CPU.Build.0 = Release|Any CPU
		{E266114C-8CAA-468D-92D0-4C00BCFF75B0}.PDP Prod|Any CPU.ActiveCfg = Release|Any CPU
		{E266114C-8CAA-468D-92D0-4C00BCFF75B0}.PDP Prod|Any CPU.Build.0 = Release|Any CPU
		{E266114C-8CAA-468D-92D0-4C00BCFF75B0}.PDP QA|Any CPU.ActiveCfg = Release|Any CPU
		{E266114C-8CAA-468D-92D0-4C00BCFF75B0}.PDP QA|Any CPU.Build.0 = Release|Any CPU
		{E266114C-8CAA-468D-92D0-4C00BCFF75B0}.Release|Any CPU.ActiveCfg = Release|Any CPU
		{E266114C-8CAA-468D-92D0-4C00BCFF75B0}.Release|Any CPU.Build.0 = Release|Any CPU
	EndGlobalSection
	GlobalSection(SolutionProperties) = preSolution
		HideSolutionNode = FALSE
	EndGlobalSection
	GlobalSection(NestedProjects) = preSolution
		{C4996E22-6B15-477F-B7B2-A693142C3750} = {4A12280A-8CA6-4406-92E3-E2A3FBBEC2EC}
	EndGlobalSection
	GlobalSection(ExtensibilityGlobals) = postSolution
		SolutionGuid = {0C2FA972-F38A-40D5-A4E7-7DC26C64DE2C}
	EndGlobalSection
EndGlobal
